// !$*UTF8*$!
{
	archiveVersion = 1;
	classes = {
	};
	objectVersion = 51;
	objects = {

/* Begin PBXBuildFile section */
		083241AFC6C1632E0DCD4727 /* Pods_MovieMe.framework in Frameworks */ = {isa = PBXBuildFile; fileRef = 9ADAAA2B32D5BB1B4B1039B7 /* Pods_MovieMe.framework */; };
		A9B94A4A251BE2610017AAD8 /* AppDelegate.swift in Sources */ = {isa = PBXBuildFile; fileRef = A9B94A49251BE2610017AAD8 /* AppDelegate.swift */; };
		A9B94A4C251BE2610017AAD8 /* SceneDelegate.swift in Sources */ = {isa = PBXBuildFile; fileRef = A9B94A4B251BE2610017AAD8 /* SceneDelegate.swift */; };
		A9B94A4E251BE2610017AAD8 /* TrendingController.swift in Sources */ = {isa = PBXBuildFile; fileRef = A9B94A4D251BE2610017AAD8 /* TrendingController.swift */; };
		A9B94A51251BE2610017AAD8 /* Main.storyboard in Resources */ = {isa = PBXBuildFile; fileRef = A9B94A4F251BE2610017AAD8 /* Main.storyboard */; };
		A9B94A53251BE2630017AAD8 /* Assets.xcassets in Resources */ = {isa = PBXBuildFile; fileRef = A9B94A52251BE2630017AAD8 /* Assets.xcassets */; };
		A9B94A56251BE2630017AAD8 /* LaunchScreen.storyboard in Resources */ = {isa = PBXBuildFile; fileRef = A9B94A54251BE2630017AAD8 /* LaunchScreen.storyboard */; };
		A9B94A61251E2D360017AAD8 /* MapVC.swift in Sources */ = {isa = PBXBuildFile; fileRef = A9B94A60251E2D360017AAD8 /* MapVC.swift */; };
		A9B94A63251E2D430017AAD8 /* SearchVC.swift in Sources */ = {isa = PBXBuildFile; fileRef = A9B94A62251E2D430017AAD8 /* SearchVC.swift */; };
		A9B94A65251E2D560017AAD8 /* FavouritesVC.swift in Sources */ = {isa = PBXBuildFile; fileRef = A9B94A64251E2D560017AAD8 /* FavouritesVC.swift */; };
		A9B94A69251E7B8F0017AAD8 /* Actor.swift in Sources */ = {isa = PBXBuildFile; fileRef = A9B94A68251E7B8F0017AAD8 /* Actor.swift */; };
		A9B94A6D251E7C3A0017AAD8 /* DiscoverVC.swift in Sources */ = {isa = PBXBuildFile; fileRef = A9B94A6C251E7C3A0017AAD8 /* DiscoverVC.swift */; };
		A9B94A6F251E7CB80017AAD8 /* CustomView.swift in Sources */ = {isa = PBXBuildFile; fileRef = A9B94A6E251E7CB80017AAD8 /* CustomView.swift */; };
		A9B94A71251E7D540017AAD8 /* CollectionCell.swift in Sources */ = {isa = PBXBuildFile; fileRef = A9B94A70251E7D540017AAD8 /* CollectionCell.swift */; };
		A9B94A75251E7EA60017AAD8 /* DataManager.swift in Sources */ = {isa = PBXBuildFile; fileRef = A9B94A74251E7EA60017AAD8 /* DataManager.swift */; };
		A9B94A77251E8D440017AAD8 /* Constants.swift in Sources */ = {isa = PBXBuildFile; fileRef = A9B94A76251E8D440017AAD8 /* Constants.swift */; };
		A9B94A79251EAB7D0017AAD8 /* CustomImageView.swift in Sources */ = {isa = PBXBuildFile; fileRef = A9B94A78251EAB7D0017AAD8 /* CustomImageView.swift */; };
		A9B94A7C251F9DAA0017AAD8 /* NetworkManager.swift in Sources */ = {isa = PBXBuildFile; fileRef = A9B94A7B251F9DAA0017AAD8 /* NetworkManager.swift */; };
		A9B94A7E251FA2B30017AAD8 /* Movie.swift in Sources */ = {isa = PBXBuildFile; fileRef = A9B94A7D251FA2B30017AAD8 /* Movie.swift */; };
		A9B94A80251FA8BF0017AAD8 /* Series.swift in Sources */ = {isa = PBXBuildFile; fileRef = A9B94A7F251FA8BF0017AAD8 /* Series.swift */; };
		A9B94A8625208A930017AAD8 /* CustomSearchBar.swift in Sources */ = {isa = PBXBuildFile; fileRef = A9B94A8525208A930017AAD8 /* CustomSearchBar.swift */; };
/* End PBXBuildFile section */

/* Begin PBXFileReference section */
		41E0878E0158E81A87077194 /* Pods-MovieMe.release.xcconfig */ = {isa = PBXFileReference; includeInIndex = 1; lastKnownFileType = text.xcconfig; name = "Pods-MovieMe.release.xcconfig"; path = "Target Support Files/Pods-MovieMe/Pods-MovieMe.release.xcconfig"; sourceTree = "<group>"; };
		9ADAAA2B32D5BB1B4B1039B7 /* Pods_MovieMe.framework */ = {isa = PBXFileReference; explicitFileType = wrapper.framework; includeInIndex = 0; path = Pods_MovieMe.framework; sourceTree = BUILT_PRODUCTS_DIR; };
		A9B94A46251BE2610017AAD8 /* MovieMe.app */ = {isa = PBXFileReference; explicitFileType = wrapper.application; includeInIndex = 0; path = MovieMe.app; sourceTree = BUILT_PRODUCTS_DIR; };
		A9B94A49251BE2610017AAD8 /* AppDelegate.swift */ = {isa = PBXFileReference; lastKnownFileType = sourcecode.swift; path = AppDelegate.swift; sourceTree = "<group>"; };
		A9B94A4B251BE2610017AAD8 /* SceneDelegate.swift */ = {isa = PBXFileReference; lastKnownFileType = sourcecode.swift; path = SceneDelegate.swift; sourceTree = "<group>"; };
		A9B94A4D251BE2610017AAD8 /* TrendingController.swift */ = {isa = PBXFileReference; lastKnownFileType = sourcecode.swift; path = TrendingController.swift; sourceTree = "<group>"; };
		A9B94A50251BE2610017AAD8 /* Base */ = {isa = PBXFileReference; lastKnownFileType = file.storyboard; name = Base; path = Base.lproj/Main.storyboard; sourceTree = "<group>"; };
		A9B94A52251BE2630017AAD8 /* Assets.xcassets */ = {isa = PBXFileReference; lastKnownFileType = folder.assetcatalog; path = Assets.xcassets; sourceTree = "<group>"; };
		A9B94A55251BE2630017AAD8 /* Base */ = {isa = PBXFileReference; lastKnownFileType = file.storyboard; name = Base; path = Base.lproj/LaunchScreen.storyboard; sourceTree = "<group>"; };
		A9B94A57251BE2630017AAD8 /* Info.plist */ = {isa = PBXFileReference; lastKnownFileType = text.plist.xml; path = Info.plist; sourceTree = "<group>"; };
		A9B94A60251E2D360017AAD8 /* MapVC.swift */ = {isa = PBXFileReference; lastKnownFileType = sourcecode.swift; path = MapVC.swift; sourceTree = "<group>"; };
		A9B94A62251E2D430017AAD8 /* SearchVC.swift */ = {isa = PBXFileReference; lastKnownFileType = sourcecode.swift; path = SearchVC.swift; sourceTree = "<group>"; };
		A9B94A64251E2D560017AAD8 /* FavouritesVC.swift */ = {isa = PBXFileReference; lastKnownFileType = sourcecode.swift; path = FavouritesVC.swift; sourceTree = "<group>"; };
		A9B94A68251E7B8F0017AAD8 /* Actor.swift */ = {isa = PBXFileReference; lastKnownFileType = sourcecode.swift; path = Actor.swift; sourceTree = "<group>"; };
		A9B94A6C251E7C3A0017AAD8 /* DiscoverVC.swift */ = {isa = PBXFileReference; lastKnownFileType = sourcecode.swift; path = DiscoverVC.swift; sourceTree = "<group>"; };
		A9B94A6E251E7CB80017AAD8 /* CustomView.swift */ = {isa = PBXFileReference; lastKnownFileType = sourcecode.swift; path = CustomView.swift; sourceTree = "<group>"; };
		A9B94A70251E7D540017AAD8 /* CollectionCell.swift */ = {isa = PBXFileReference; lastKnownFileType = sourcecode.swift; path = CollectionCell.swift; sourceTree = "<group>"; };
		A9B94A74251E7EA60017AAD8 /* DataManager.swift */ = {isa = PBXFileReference; lastKnownFileType = sourcecode.swift; path = DataManager.swift; sourceTree = "<group>"; };
		A9B94A76251E8D440017AAD8 /* Constants.swift */ = {isa = PBXFileReference; lastKnownFileType = sourcecode.swift; path = Constants.swift; sourceTree = "<group>"; };
		A9B94A78251EAB7D0017AAD8 /* CustomImageView.swift */ = {isa = PBXFileReference; lastKnownFileType = sourcecode.swift; path = CustomImageView.swift; sourceTree = "<group>"; };
		A9B94A7B251F9DAA0017AAD8 /* NetworkManager.swift */ = {isa = PBXFileReference; lastKnownFileType = sourcecode.swift; path = NetworkManager.swift; sourceTree = "<group>"; };
		A9B94A7D251FA2B30017AAD8 /* Movie.swift */ = {isa = PBXFileReference; lastKnownFileType = sourcecode.swift; path = Movie.swift; sourceTree = "<group>"; };
		A9B94A7F251FA8BF0017AAD8 /* Series.swift */ = {isa = PBXFileReference; lastKnownFileType = sourcecode.swift; path = Series.swift; sourceTree = "<group>"; };
		A9B94A8525208A930017AAD8 /* CustomSearchBar.swift */ = {isa = PBXFileReference; lastKnownFileType = sourcecode.swift; path = CustomSearchBar.swift; sourceTree = "<group>"; };
		B2510A7C8AFA0E9723DF76EF /* Pods-MovieMe.debug.xcconfig */ = {isa = PBXFileReference; includeInIndex = 1; lastKnownFileType = text.xcconfig; name = "Pods-MovieMe.debug.xcconfig"; path = "Target Support Files/Pods-MovieMe/Pods-MovieMe.debug.xcconfig"; sourceTree = "<group>"; };
/* End PBXFileReference section */

/* Begin PBXFrameworksBuildPhase section */
		A9B94A43251BE2610017AAD8 /* Frameworks */ = {
			isa = PBXFrameworksBuildPhase;
			buildActionMask = 2147483647;
			files = (
				083241AFC6C1632E0DCD4727 /* Pods_MovieMe.framework in Frameworks */,
			);
			runOnlyForDeploymentPostprocessing = 0;
		};
/* End PBXFrameworksBuildPhase section */

/* Begin PBXGroup section */
		3623BB76BD0AC5EE619B3C82 /* Frameworks */ = {
			isa = PBXGroup;
			children = (
				9ADAAA2B32D5BB1B4B1039B7 /* Pods_MovieMe.framework */,
			);
			name = Frameworks;
			sourceTree = "<group>";
		};
		3C881D9BC2E26CD2BCE9C8A6 /* Pods */ = {
			isa = PBXGroup;
			children = (
				B2510A7C8AFA0E9723DF76EF /* Pods-MovieMe.debug.xcconfig */,
				41E0878E0158E81A87077194 /* Pods-MovieMe.release.xcconfig */,
			);
			path = Pods;
			sourceTree = "<group>";
		};
		A9B94A3D251BE2610017AAD8 = {
			isa = PBXGroup;
			children = (
				A9B94A48251BE2610017AAD8 /* MovieMe */,
				A9B94A47251BE2610017AAD8 /* Products */,
				3C881D9BC2E26CD2BCE9C8A6 /* Pods */,
				3623BB76BD0AC5EE619B3C82 /* Frameworks */,
			);
			sourceTree = "<group>";
		};
		A9B94A47251BE2610017AAD8 /* Products */ = {
			isa = PBXGroup;
			children = (
				A9B94A46251BE2610017AAD8 /* MovieMe.app */,
			);
			name = Products;
			sourceTree = "<group>";
		};
		A9B94A48251BE2610017AAD8 /* MovieMe */ = {
			isa = PBXGroup;
			children = (
				A9B94A7A251F9D9B0017AAD8 /* Network Services */,
				A9B94A5D251E28740017AAD8 /* Model */,
				A9B94A5E251E28790017AAD8 /* View */,
				A9B94A5F251E288F0017AAD8 /* Controller */,
				A9B94A49251BE2610017AAD8 /* AppDelegate.swift */,
				A9B94A4B251BE2610017AAD8 /* SceneDelegate.swift */,
				A9B94A4F251BE2610017AAD8 /* Main.storyboard */,
				A9B94A52251BE2630017AAD8 /* Assets.xcassets */,
				A9B94A54251BE2630017AAD8 /* LaunchScreen.storyboard */,
				A9B94A57251BE2630017AAD8 /* Info.plist */,
				A9B94A76251E8D440017AAD8 /* Constants.swift */,
			);
			path = MovieMe;
			sourceTree = "<group>";
		};
		A9B94A5D251E28740017AAD8 /* Model */ = {
			isa = PBXGroup;
			children = (
				A9B94A68251E7B8F0017AAD8 /* Actor.swift */,
				A9B94A74251E7EA60017AAD8 /* DataManager.swift */,
				A9B94A7D251FA2B30017AAD8 /* Movie.swift */,
				A9B94A7F251FA8BF0017AAD8 /* Series.swift */,
			);
			path = Model;
			sourceTree = "<group>";
		};
		A9B94A5E251E28790017AAD8 /* View */ = {
			isa = PBXGroup;
			children = (
				A9B94A6E251E7CB80017AAD8 /* CustomView.swift */,
				A9B94A70251E7D540017AAD8 /* CollectionCell.swift */,
				A9B94A78251EAB7D0017AAD8 /* CustomImageView.swift */,
				A9B94A8525208A930017AAD8 /* CustomSearchBar.swift */,
			);
			path = View;
			sourceTree = "<group>";
		};
		A9B94A5F251E288F0017AAD8 /* Controller */ = {
			isa = PBXGroup;
			children = (
				A9B94A4D251BE2610017AAD8 /* TrendingController.swift */,
				A9B94A6C251E7C3A0017AAD8 /* DiscoverVC.swift */,
				A9B94A60251E2D360017AAD8 /* MapVC.swift */,
				A9B94A62251E2D430017AAD8 /* SearchVC.swift */,
				A9B94A64251E2D560017AAD8 /* FavouritesVC.swift */,
			);
			path = Controller;
			sourceTree = "<group>";
		};
		A9B94A7A251F9D9B0017AAD8 /* Network Services */ = {
			isa = PBXGroup;
			children = (
				A9B94A7B251F9DAA0017AAD8 /* NetworkManager.swift */,
			);
			path = "Network Services";
			sourceTree = "<group>";
		};
/* End PBXGroup section */

/* Begin PBXNativeTarget section */
		A9B94A45251BE2610017AAD8 /* MovieMe */ = {
			isa = PBXNativeTarget;
			buildConfigurationList = A9B94A5A251BE2630017AAD8 /* Build configuration list for PBXNativeTarget "MovieMe" */;
			buildPhases = (
				D1D0A1710DFB96C41F2FBB6B /* [CP] Check Pods Manifest.lock */,
				A9B94A42251BE2610017AAD8 /* Sources */,
				A9B94A43251BE2610017AAD8 /* Frameworks */,
				A9B94A44251BE2610017AAD8 /* Resources */,
				12AABD3018C8785425C23527 /* [CP] Embed Pods Frameworks */,
			);
			buildRules = (
			);
			dependencies = (
			);
			name = MovieMe;
			productName = MovieMe;
			productReference = A9B94A46251BE2610017AAD8 /* MovieMe.app */;
			productType = "com.apple.product-type.application";
		};
/* End PBXNativeTarget section */

/* Begin PBXProject section */
		A9B94A3E251BE2610017AAD8 /* Project object */ = {
			isa = PBXProject;
			attributes = {
				LastSwiftUpdateCheck = 1160;
				LastUpgradeCheck = 1160;
				ORGANIZATIONNAME = "Meitar Basson";
				TargetAttributes = {
					A9B94A45251BE2610017AAD8 = {
						CreatedOnToolsVersion = 11.6;
					};
				};
			};
			buildConfigurationList = A9B94A41251BE2610017AAD8 /* Build configuration list for PBXProject "MovieMe" */;
			compatibilityVersion = "Xcode 9.3";
			developmentRegion = en;
			hasScannedForEncodings = 0;
			knownRegions = (
				en,
				Base,
			);
			mainGroup = A9B94A3D251BE2610017AAD8;
			productRefGroup = A9B94A47251BE2610017AAD8 /* Products */;
			projectDirPath = "";
			projectRoot = "";
			targets = (
				A9B94A45251BE2610017AAD8 /* MovieMe */,
			);
		};
/* End PBXProject section */

/* Begin PBXResourcesBuildPhase section */
		A9B94A44251BE2610017AAD8 /* Resources */ = {
			isa = PBXResourcesBuildPhase;
			buildActionMask = 2147483647;
			files = (
				A9B94A56251BE2630017AAD8 /* LaunchScreen.storyboard in Resources */,
				A9B94A53251BE2630017AAD8 /* Assets.xcassets in Resources */,
				A9B94A51251BE2610017AAD8 /* Main.storyboard in Resources */,
			);
			runOnlyForDeploymentPostprocessing = 0;
		};
/* End PBXResourcesBuildPhase section */

/* Begin PBXShellScriptBuildPhase section */
		12AABD3018C8785425C23527 /* [CP] Embed Pods Frameworks */ = {
			isa = PBXShellScriptBuildPhase;
			buildActionMask = 2147483647;
			files = (
			);
			inputFileListPaths = (
				"${PODS_ROOT}/Target Support Files/Pods-MovieMe/Pods-MovieMe-frameworks-${CONFIGURATION}-input-files.xcfilelist",
			);
			name = "[CP] Embed Pods Frameworks";
			outputFileListPaths = (
				"${PODS_ROOT}/Target Support Files/Pods-MovieMe/Pods-MovieMe-frameworks-${CONFIGURATION}-output-files.xcfilelist",
			);
			runOnlyForDeploymentPostprocessing = 0;
			shellPath = /bin/sh;
			shellScript = "\"${PODS_ROOT}/Target Support Files/Pods-MovieMe/Pods-MovieMe-frameworks.sh\"\n";
			showEnvVarsInLog = 0;
		};
		D1D0A1710DFB96C41F2FBB6B /* [CP] Check Pods Manifest.lock */ = {
			isa = PBXShellScriptBuildPhase;
			buildActionMask = 2147483647;
			files = (
			);
			inputFileListPaths = (
			);
			inputPaths = (
				"${PODS_PODFILE_DIR_PATH}/Podfile.lock",
				"${PODS_ROOT}/Manifest.lock",
			);
			name = "[CP] Check Pods Manifest.lock";
			outputFileListPaths = (
			);
			outputPaths = (
				"$(DERIVED_FILE_DIR)/Pods-MovieMe-checkManifestLockResult.txt",
			);
			runOnlyForDeploymentPostprocessing = 0;
			shellPath = /bin/sh;
			shellScript = "diff \"${PODS_PODFILE_DIR_PATH}/Podfile.lock\" \"${PODS_ROOT}/Manifest.lock\" > /dev/null\nif [ $? != 0 ] ; then\n    # print error to STDERR\n    echo \"error: The sandbox is not in sync with the Podfile.lock. Run 'pod install' or update your CocoaPods installation.\" >&2\n    exit 1\nfi\n# This output is used by Xcode 'outputs' to avoid re-running this script phase.\necho \"SUCCESS\" > \"${SCRIPT_OUTPUT_FILE_0}\"\n";
			showEnvVarsInLog = 0;
		};
/* End PBXShellScriptBuildPhase section */

/* Begin PBXSourcesBuildPhase section */
		A9B94A42251BE2610017AAD8 /* Sources */ = {
			isa = PBXSourcesBuildPhase;
			buildActionMask = 2147483647;
			files = (
				A9B94A71251E7D540017AAD8 /* CollectionCell.swift in Sources */,
				A9B94A61251E2D360017AAD8 /* MapVC.swift in Sources */,
				A9B94A63251E2D430017AAD8 /* SearchVC.swift in Sources */,
				A9B94A7C251F9DAA0017AAD8 /* NetworkManager.swift in Sources */,
				A9B94A79251EAB7D0017AAD8 /* CustomImageView.swift in Sources */,
				A9B94A80251FA8BF0017AAD8 /* Series.swift in Sources */,
				A9B94A65251E2D560017AAD8 /* FavouritesVC.swift in Sources */,
				A9B94A4E251BE2610017AAD8 /* TrendingController.swift in Sources */,
				A9B94A7E251FA2B30017AAD8 /* Movie.swift in Sources */,
				A9B94A6F251E7CB80017AAD8 /* CustomView.swift in Sources */,
				A9B94A4A251BE2610017AAD8 /* AppDelegate.swift in Sources */,
				A9B94A75251E7EA60017AAD8 /* DataManager.swift in Sources */,
				A9B94A4C251BE2610017AAD8 /* SceneDelegate.swift in Sources */,
				A9B94A77251E8D440017AAD8 /* Constants.swift in Sources */,
				A9B94A8625208A930017AAD8 /* CustomSearchBar.swift in Sources */,
				A9B94A69251E7B8F0017AAD8 /* Actor.swift in Sources */,
				A9B94A6D251E7C3A0017AAD8 /* DiscoverVC.swift in Sources */,
			);
			runOnlyForDeploymentPostprocessing = 0;
		};
/* End PBXSourcesBuildPhase section */

/* Begin PBXVariantGroup section */
		A9B94A4F251BE2610017AAD8 /* Main.storyboard */ = {
			isa = PBXVariantGroup;
			children = (
				A9B94A50251BE2610017AAD8 /* Base */,
			);
			name = Main.storyboard;
			sourceTree = "<group>";
		};
		A9B94A54251BE2630017AAD8 /* LaunchScreen.storyboard */ = {
			isa = PBXVariantGroup;
			children = (
				A9B94A55251BE2630017AAD8 /* Base */,
			);
			name = LaunchScreen.storyboard;
			sourceTree = "<group>";
		};
/* End PBXVariantGroup section */

/* Begin XCBuildConfiguration section */
		A9B94A58251BE2630017AAD8 /* Debug */ = {
			isa = XCBuildConfiguration;
			buildSettings = {
				ALWAYS_SEARCH_USER_PATHS = NO;
				CLANG_ANALYZER_NONNULL = YES;
				CLANG_ANALYZER_NUMBER_OBJECT_CONVERSION = YES_AGGRESSIVE;
				CLANG_CXX_LANGUAGE_STANDARD = "gnu++14";
				CLANG_CXX_LIBRARY = "libc++";
				CLANG_ENABLE_MODULES = YES;
				CLANG_ENABLE_OBJC_ARC = YES;
				CLANG_ENABLE_OBJC_WEAK = YES;
				CLANG_WARN_BLOCK_CAPTURE_AUTORELEASING = YES;
				CLANG_WARN_BOOL_CONVERSION = YES;
				CLANG_WARN_COMMA = YES;
				CLANG_WARN_CONSTANT_CONVERSION = YES;
				CLANG_WARN_DEPRECATED_OBJC_IMPLEMENTATIONS = YES;
				CLANG_WARN_DIRECT_OBJC_ISA_USAGE = YES_ERROR;
				CLANG_WARN_DOCUMENTATION_COMMENTS = YES;
				CLANG_WARN_EMPTY_BODY = YES;
				CLANG_WARN_ENUM_CONVERSION = YES;
				CLANG_WARN_INFINITE_RECURSION = YES;
				CLANG_WARN_INT_CONVERSION = YES;
				CLANG_WARN_NON_LITERAL_NULL_CONVERSION = YES;
				CLANG_WARN_OBJC_IMPLICIT_RETAIN_SELF = YES;
				CLANG_WARN_OBJC_LITERAL_CONVERSION = YES;
				CLANG_WARN_OBJC_ROOT_CLASS = YES_ERROR;
				CLANG_WARN_RANGE_LOOP_ANALYSIS = YES;
				CLANG_WARN_STRICT_PROTOTYPES = YES;
				CLANG_WARN_SUSPICIOUS_MOVE = YES;
				CLANG_WARN_UNGUARDED_AVAILABILITY = YES_AGGRESSIVE;
				CLANG_WARN_UNREACHABLE_CODE = YES;
				CLANG_WARN__DUPLICATE_METHOD_MATCH = YES;
				COPY_PHASE_STRIP = NO;
				DEBUG_INFORMATION_FORMAT = dwarf;
				ENABLE_STRICT_OBJC_MSGSEND = YES;
				ENABLE_TESTABILITY = YES;
				GCC_C_LANGUAGE_STANDARD = gnu11;
				GCC_DYNAMIC_NO_PIC = NO;
				GCC_NO_COMMON_BLOCKS = YES;
				GCC_OPTIMIZATION_LEVEL = 0;
				GCC_PREPROCESSOR_DEFINITIONS = (
					"DEBUG=1",
					"$(inherited)",
				);
				GCC_WARN_64_TO_32_BIT_CONVERSION = YES;
				GCC_WARN_ABOUT_RETURN_TYPE = YES_ERROR;
				GCC_WARN_UNDECLARED_SELECTOR = YES;
				GCC_WARN_UNINITIALIZED_AUTOS = YES_AGGRESSIVE;
				GCC_WARN_UNUSED_FUNCTION = YES;
				GCC_WARN_UNUSED_VARIABLE = YES;
				IPHONEOS_DEPLOYMENT_TARGET = 13.6;
				MTL_ENABLE_DEBUG_INFO = INCLUDE_SOURCE;
				MTL_FAST_MATH = YES;
				ONLY_ACTIVE_ARCH = YES;
				SDKROOT = iphoneos;
				SWIFT_ACTIVE_COMPILATION_CONDITIONS = DEBUG;
				SWIFT_OPTIMIZATION_LEVEL = "-Onone";
			};
			name = Debug;
		};
		A9B94A59251BE2630017AAD8 /* Release */ = {
			isa = XCBuildConfiguration;
			buildSettings = {
				ALWAYS_SEARCH_USER_PATHS = NO;
				CLANG_ANALYZER_NONNULL = YES;
				CLANG_ANALYZER_NUMBER_OBJECT_CONVERSION = YES_AGGRESSIVE;
				CLANG_CXX_LANGUAGE_STANDARD = "gnu++14";
				CLANG_CXX_LIBRARY = "libc++";
				CLANG_ENABLE_MODULES = YES;
				CLANG_ENABLE_OBJC_ARC = YES;
				CLANG_ENABLE_OBJC_WEAK = YES;
				CLANG_WARN_BLOCK_CAPTURE_AUTORELEASING = YES;
				CLANG_WARN_BOOL_CONVERSION = YES;
				CLANG_WARN_COMMA = YES;
				CLANG_WARN_CONSTANT_CONVERSION = YES;
				CLANG_WARN_DEPRECATED_OBJC_IMPLEMENTATIONS = YES;
				CLANG_WARN_DIRECT_OBJC_ISA_USAGE = YES_ERROR;
				CLANG_WARN_DOCUMENTATION_COMMENTS = YES;
				CLANG_WARN_EMPTY_BODY = YES;
				CLANG_WARN_ENUM_CONVERSION = YES;
				CLANG_WARN_INFINITE_RECURSION = YES;
				CLANG_WARN_INT_CONVERSION = YES;
				CLANG_WARN_NON_LITERAL_NULL_CONVERSION = YES;
				CLANG_WARN_OBJC_IMPLICIT_RETAIN_SELF = YES;
				CLANG_WARN_OBJC_LITERAL_CONVERSION = YES;
				CLANG_WARN_OBJC_ROOT_CLASS = YES_ERROR;
				CLANG_WARN_RANGE_LOOP_ANALYSIS = YES;
				CLANG_WARN_STRICT_PROTOTYPES = YES;
				CLANG_WARN_SUSPICIOUS_MOVE = YES;
				CLANG_WARN_UNGUARDED_AVAILABILITY = YES_AGGRESSIVE;
				CLANG_WARN_UNREACHABLE_CODE = YES;
				CLANG_WARN__DUPLICATE_METHOD_MATCH = YES;
				COPY_PHASE_STRIP = NO;
				DEBUG_INFORMATION_FORMAT = "dwarf-with-dsym";
				ENABLE_NS_ASSERTIONS = NO;
				ENABLE_STRICT_OBJC_MSGSEND = YES;
				GCC_C_LANGUAGE_STANDARD = gnu11;
				GCC_NO_COMMON_BLOCKS = YES;
				GCC_WARN_64_TO_32_BIT_CONVERSION = YES;
				GCC_WARN_ABOUT_RETURN_TYPE = YES_ERROR;
				GCC_WARN_UNDECLARED_SELECTOR = YES;
				GCC_WARN_UNINITIALIZED_AUTOS = YES_AGGRESSIVE;
				GCC_WARN_UNUSED_FUNCTION = YES;
				GCC_WARN_UNUSED_VARIABLE = YES;
				IPHONEOS_DEPLOYMENT_TARGET = 13.6;
				MTL_ENABLE_DEBUG_INFO = NO;
				MTL_FAST_MATH = YES;
				SDKROOT = iphoneos;
				SWIFT_COMPILATION_MODE = wholemodule;
				SWIFT_OPTIMIZATION_LEVEL = "-O";
				VALIDATE_PRODUCT = YES;
			};
			name = Release;
		};
		A9B94A5B251BE2630017AAD8 /* Debug */ = {
			isa = XCBuildConfiguration;
			baseConfigurationReference = B2510A7C8AFA0E9723DF76EF /* Pods-MovieMe.debug.xcconfig */;
			buildSettings = {
				ASSETCATALOG_COMPILER_APPICON_NAME = AppIcon;
				CODE_SIGN_STYLE = Automatic;
				DEVELOPMENT_TEAM = 9PG63NVD7U;
				INFOPLIST_FILE = MovieMe/Info.plist;
				LD_RUNPATH_SEARCH_PATHS = (
					"$(inherited)",
					"@executable_path/Frameworks",
				);
				PRODUCT_BUNDLE_IDENTIFIER = com.MeiBaps.MovieMe;
				PRODUCT_NAME = "$(TARGET_NAME)";
				SWIFT_VERSION = 5.0;
				TARGETED_DEVICE_FAMILY = "1,2";
			};
			name = Debug;
		};
		A9B94A5C251BE2630017AAD8 /* Release */ = {
			isa = XCBuildConfiguration;
			baseConfigurationReference = 41E0878E0158E81A87077194 /* Pods-MovieMe.release.xcconfig */;
			buildSettings = {
				ASSETCATALOG_COMPILER_APPICON_NAME = AppIcon;
				CODE_SIGN_STYLE = Automatic;
				DEVELOPMENT_TEAM = 9PG63NVD7U;
				INFOPLIST_FILE = MovieMe/Info.plist;
				LD_RUNPATH_SEARCH_PATHS = (
					"$(inherited)",
					"@executable_path/Frameworks",
				);
				PRODUCT_BUNDLE_IDENTIFIER = com.MeiBaps.MovieMe;
				PRODUCT_NAME = "$(TARGET_NAME)";
				SWIFT_VERSION = 5.0;
				TARGETED_DEVICE_FAMILY = "1,2";
			};
			name = Release;
		};
/* End XCBuildConfiguration section */

/* Begin XCConfigurationList section */
		A9B94A41251BE2610017AAD8 /* Build configuration list for PBXProject "MovieMe" */ = {
			isa = XCConfigurationList;
			buildConfigurations = (
				A9B94A58251BE2630017AAD8 /* Debug */,
				A9B94A59251BE2630017AAD8 /* Release */,
			);
			defaultConfigurationIsVisible = 0;
			defaultConfigurationName = Release;
		};
		A9B94A5A251BE2630017AAD8 /* Build configuration list for PBXNativeTarget "MovieMe" */ = {
			isa = XCConfigurationList;
			buildConfigurations = (
				A9B94A5B251BE2630017AAD8 /* Debug */,
				A9B94A5C251BE2630017AAD8 /* Release */,
			);
			defaultConfigurationIsVisible = 0;
			defaultConfigurationName = Release;
		};
/* End XCConfigurationList section */
	};
	rootObject = A9B94A3E251BE2610017AAD8 /* Project object */;
}
